// !$*UTF8*$!
{
	archiveVersion = 1;
	classes = {
	};
	objectVersion = 50;
	objects = {

/* Begin PBXBuildFile section */
		C2E32A0B23E894FF003F5ED4 /* AppDelegate.swift in Sources */ = {isa = PBXBuildFile; fileRef = C2E32A0A23E894FF003F5ED4 /* AppDelegate.swift */; };
		C2E32A0D23E894FF003F5ED4 /* SceneDelegate.swift in Sources */ = {isa = PBXBuildFile; fileRef = C2E32A0C23E894FF003F5ED4 /* SceneDelegate.swift */; };
		C2E32A0F23E894FF003F5ED4 /* ViewController.swift in Sources */ = {isa = PBXBuildFile; fileRef = C2E32A0E23E894FF003F5ED4 /* ViewController.swift */; };
		C2E32A1223E894FF003F5ED4 /* Main.storyboard in Resources */ = {isa = PBXBuildFile; fileRef = C2E32A1023E894FF003F5ED4 /* Main.storyboard */; };
		C2E32A1423E89500003F5ED4 /* Assets.xcassets in Resources */ = {isa = PBXBuildFile; fileRef = C2E32A1323E89500003F5ED4 /* Assets.xcassets */; };
		C2E32A1723E89500003F5ED4 /* LaunchScreen.storyboard in Resources */ = {isa = PBXBuildFile; fileRef = C2E32A1523E89500003F5ED4 /* LaunchScreen.storyboard */; };
		C2E32A2223E89500003F5ED4 /* audioplayerTests.swift in Sources */ = {isa = PBXBuildFile; fileRef = C2E32A2123E89500003F5ED4 /* audioplayerTests.swift */; };
		C2E32A2D23E89500003F5ED4 /* audioplayerUITests.swift in Sources */ = {isa = PBXBuildFile; fileRef = C2E32A2C23E89500003F5ED4 /* audioplayerUITests.swift */; };
		C2E32A3B23E89844003F5ED4 /* ffdp.mp3 in Resources */ = {isa = PBXBuildFile; fileRef = C2E32A3A23E89844003F5ED4 /* ffdp.mp3 */; };
/* End PBXBuildFile section */

/* Begin PBXContainerItemProxy section */
		C2E32A1E23E89500003F5ED4 /* PBXContainerItemProxy */ = {
			isa = PBXContainerItemProxy;
			containerPortal = C2E329FF23E894FF003F5ED4 /* Project object */;
			proxyType = 1;
			remoteGlobalIDString = C2E32A0623E894FF003F5ED4;
			remoteInfo = audioplayer;
		};
		C2E32A2923E89500003F5ED4 /* PBXContainerItemProxy */ = {
			isa = PBXContainerItemProxy;
			containerPortal = C2E329FF23E894FF003F5ED4 /* Project object */;
			proxyType = 1;
			remoteGlobalIDString = C2E32A0623E894FF003F5ED4;
			remoteInfo = audioplayer;
		};
/* End PBXContainerItemProxy section */

/* Begin PBXFileReference section */
		C2E32A0723E894FF003F5ED4 /* audioplayer.app */ = {isa = PBXFileReference; explicitFileType = wrapper.application; includeInIndex = 0; path = audioplayer.app; sourceTree = BUILT_PRODUCTS_DIR; };
		C2E32A0A23E894FF003F5ED4 /* AppDelegate.swift */ = {isa = PBXFileReference; lastKnownFileType = sourcecode.swift; path = AppDelegate.swift; sourceTree = "<group>"; };
		C2E32A0C23E894FF003F5ED4 /* SceneDelegate.swift */ = {isa = PBXFileReference; lastKnownFileType = sourcecode.swift; path = SceneDelegate.swift; sourceTree = "<group>"; };
		C2E32A0E23E894FF003F5ED4 /* ViewController.swift */ = {isa = PBXFileReference; lastKnownFileType = sourcecode.swift; path = ViewController.swift; sourceTree = "<group>"; };
		C2E32A1123E894FF003F5ED4 /* Base */ = {isa = PBXFileReference; lastKnownFileType = file.storyboard; name = Base; path = Base.lproj/Main.storyboard; sourceTree = "<group>"; };
		C2E32A1323E89500003F5ED4 /* Assets.xcassets */ = {isa = PBXFileReference; lastKnownFileType = folder.assetcatalog; path = Assets.xcassets; sourceTree = "<group>"; };
		C2E32A1623E89500003F5ED4 /* Base */ = {isa = PBXFileReference; lastKnownFileType = file.storyboard; name = Base; path = Base.lproj/LaunchScreen.storyboard; sourceTree = "<group>"; };
		C2E32A1823E89500003F5ED4 /* Info.plist */ = {isa = PBXFileReference; lastKnownFileType = text.plist.xml; path = Info.plist; sourceTree = "<group>"; };
		C2E32A1D23E89500003F5ED4 /* audioplayerTests.xctest */ = {isa = PBXFileReference; explicitFileType = wrapper.cfbundle; includeInIndex = 0; path = audioplayerTests.xctest; sourceTree = BUILT_PRODUCTS_DIR; };
		C2E32A2123E89500003F5ED4 /* audioplayerTests.swift */ = {isa = PBXFileReference; lastKnownFileType = sourcecode.swift; path = audioplayerTests.swift; sourceTree = "<group>"; };
		C2E32A2323E89500003F5ED4 /* Info.plist */ = {isa = PBXFileReference; lastKnownFileType = text.plist.xml; path = Info.plist; sourceTree = "<group>"; };
		C2E32A2823E89500003F5ED4 /* audioplayerUITests.xctest */ = {isa = PBXFileReference; explicitFileType = wrapper.cfbundle; includeInIndex = 0; path = audioplayerUITests.xctest; sourceTree = BUILT_PRODUCTS_DIR; };
		C2E32A2C23E89500003F5ED4 /* audioplayerUITests.swift */ = {isa = PBXFileReference; lastKnownFileType = sourcecode.swift; path = audioplayerUITests.swift; sourceTree = "<group>"; };
		C2E32A2E23E89500003F5ED4 /* Info.plist */ = {isa = PBXFileReference; lastKnownFileType = text.plist.xml; path = Info.plist; sourceTree = "<group>"; };
		C2E32A3A23E89844003F5ED4 /* ffdp.mp3 */ = {isa = PBXFileReference; lastKnownFileType = audio.mp3; name = ffdp.mp3; path = ../../../../Downloads/ffdp.mp3; sourceTree = "<group>"; };
/* End PBXFileReference section */

/* Begin PBXFrameworksBuildPhase section */
		C2E32A0423E894FF003F5ED4 /* Frameworks */ = {
			isa = PBXFrameworksBuildPhase;
			buildActionMask = 2147483647;
			files = (
			);
			runOnlyForDeploymentPostprocessing = 0;
		};
		C2E32A1A23E89500003F5ED4 /* Frameworks */ = {
			isa = PBXFrameworksBuildPhase;
			buildActionMask = 2147483647;
			files = (
			);
			runOnlyForDeploymentPostprocessing = 0;
		};
		C2E32A2523E89500003F5ED4 /* Frameworks */ = {
			isa = PBXFrameworksBuildPhase;
			buildActionMask = 2147483647;
			files = (
			);
			runOnlyForDeploymentPostprocessing = 0;
		};
/* End PBXFrameworksBuildPhase section */

/* Begin PBXGroup section */
		C2E329FE23E894FF003F5ED4 = {
			isa = PBXGroup;
			children = (
				C2E32A0923E894FF003F5ED4 /* audioplayer */,
				C2E32A2023E89500003F5ED4 /* audioplayerTests */,
				C2E32A2B23E89500003F5ED4 /* audioplayerUITests */,
				C2E32A0823E894FF003F5ED4 /* Products */,
			);
			sourceTree = "<group>";
		};
		C2E32A0823E894FF003F5ED4 /* Products */ = {
			isa = PBXGroup;
			children = (
				C2E32A0723E894FF003F5ED4 /* audioplayer.app */,
				C2E32A1D23E89500003F5ED4 /* audioplayerTests.xctest */,
				C2E32A2823E89500003F5ED4 /* audioplayerUITests.xctest */,
			);
			name = Products;
			sourceTree = "<group>";
		};
		C2E32A0923E894FF003F5ED4 /* audioplayer */ = {
			isa = PBXGroup;
			children = (
				C2E32A0A23E894FF003F5ED4 /* AppDelegate.swift */,
				C2E32A0C23E894FF003F5ED4 /* SceneDelegate.swift */,
				C2E32A0E23E894FF003F5ED4 /* ViewController.swift */,
				C2E32A1023E894FF003F5ED4 /* Main.storyboard */,
				C2E32A1323E89500003F5ED4 /* Assets.xcassets */,
				C2E32A3A23E89844003F5ED4 /* ffdp.mp3 */,
				C2E32A1523E89500003F5ED4 /* LaunchScreen.storyboard */,
				C2E32A1823E89500003F5ED4 /* Info.plist */,
			);
			path = audioplayer;
			sourceTree = "<group>";
		};
		C2E32A2023E89500003F5ED4 /* audioplayerTests */ = {
			isa = PBXGroup;
			children = (
				C2E32A2123E89500003F5ED4 /* audioplayerTests.swift */,
				C2E32A2323E89500003F5ED4 /* Info.plist */,
			);
			path = audioplayerTests;
			sourceTree = "<group>";
		};
		C2E32A2B23E89500003F5ED4 /* audioplayerUITests */ = {
			isa = PBXGroup;
			children = (
				C2E32A2C23E89500003F5ED4 /* audioplayerUITests.swift */,
				C2E32A2E23E89500003F5ED4 /* Info.plist */,
			);
			path = audioplayerUITests;
			sourceTree = "<group>";
		};
/* End PBXGroup section */

/* Begin PBXNativeTarget section */
		C2E32A0623E894FF003F5ED4 /* audioplayer */ = {
			isa = PBXNativeTarget;
			buildConfigurationList = C2E32A3123E89500003F5ED4 /* Build configuration list for PBXNativeTarget "audioplayer" */;
			buildPhases = (
				C2E32A0323E894FF003F5ED4 /* Sources */,
				C2E32A0423E894FF003F5ED4 /* Frameworks */,
				C2E32A0523E894FF003F5ED4 /* Resources */,
			);
			buildRules = (
			);
			dependencies = (
			);
			name = audioplayer;
			productName = audioplayer;
			productReference = C2E32A0723E894FF003F5ED4 /* audioplayer.app */;
			productType = "com.apple.product-type.application";
		};
		C2E32A1C23E89500003F5ED4 /* audioplayerTests */ = {
			isa = PBXNativeTarget;
			buildConfigurationList = C2E32A3423E89500003F5ED4 /* Build configuration list for PBXNativeTarget "audioplayerTests" */;
			buildPhases = (
				C2E32A1923E89500003F5ED4 /* Sources */,
				C2E32A1A23E89500003F5ED4 /* Frameworks */,
				C2E32A1B23E89500003F5ED4 /* Resources */,
			);
			buildRules = (
			);
			dependencies = (
				C2E32A1F23E89500003F5ED4 /* PBXTargetDependency */,
			);
			name = audioplayerTests;
			productName = audioplayerTests;
			productReference = C2E32A1D23E89500003F5ED4 /* audioplayerTests.xctest */;
			productType = "com.apple.product-type.bundle.unit-test";
		};
		C2E32A2723E89500003F5ED4 /* audioplayerUITests */ = {
			isa = PBXNativeTarget;
			buildConfigurationList = C2E32A3723E89500003F5ED4 /* Build configuration list for PBXNativeTarget "audioplayerUITests" */;
			buildPhases = (
				C2E32A2423E89500003F5ED4 /* Sources */,
				C2E32A2523E89500003F5ED4 /* Frameworks */,
				C2E32A2623E89500003F5ED4 /* Resources */,
			);
			buildRules = (
			);
			dependencies = (
				C2E32A2A23E89500003F5ED4 /* PBXTargetDependency */,
			);
			name = audioplayerUITests;
			productName = audioplayerUITests;
			productReference = C2E32A2823E89500003F5ED4 /* audioplayerUITests.xctest */;
			productType = "com.apple.product-type.bundle.ui-testing";
		};
/* End PBXNativeTarget section */

/* Begin PBXProject section */
		C2E329FF23E894FF003F5ED4 /* Project object */ = {
			isa = PBXProject;
			attributes = {
				LastSwiftUpdateCheck = 1100;
				LastUpgradeCheck = 1100;
				ORGANIZATIONNAME = "Alan Van Art";
				TargetAttributes = {
					C2E32A0623E894FF003F5ED4 = {
						CreatedOnToolsVersion = 11.0;
					};
					C2E32A1C23E89500003F5ED4 = {
						CreatedOnToolsVersion = 11.0;
						TestTargetID = C2E32A0623E894FF003F5ED4;
					};
					C2E32A2723E89500003F5ED4 = {
						CreatedOnToolsVersion = 11.0;
						TestTargetID = C2E32A0623E894FF003F5ED4;
					};
				};
			};
			buildConfigurationList = C2E32A0223E894FF003F5ED4 /* Build configuration list for PBXProject "audioplayer" */;
			compatibilityVersion = "Xcode 9.3";
			developmentRegion = en;
			hasScannedForEncodings = 0;
			knownRegions = (
				en,
				Base,
			);
			mainGroup = C2E329FE23E894FF003F5ED4;
			productRefGroup = C2E32A0823E894FF003F5ED4 /* Products */;
			projectDirPath = "";
			projectRoot = "";
			targets = (
				C2E32A0623E894FF003F5ED4 /* audioplayer */,
				C2E32A1C23E89500003F5ED4 /* audioplayerTests */,
				C2E32A2723E89500003F5ED4 /* audioplayerUITests */,
			);
		};
/* End PBXProject section */

/* Begin PBXResourcesBuildPhase section */
		C2E32A0523E894FF003F5ED4 /* Resources */ = {
			isa = PBXResourcesBuildPhase;
			buildActionMask = 2147483647;
			files = (
				C2E32A1723E89500003F5ED4 /* LaunchScreen.storyboard in Resources */,
				C2E32A1423E89500003F5ED4 /* Assets.xcassets in Resources */,
				C2E32A1223E894FF003F5ED4 /* Main.storyboard in Resources */,
				C2E32A3B23E89844003F5ED4 /* ffdp.mp3 in Resources */,
			);
			runOnlyForDeploymentPostprocessing = 0;
		};
		C2E32A1B23E89500003F5ED4 /* Resources */ = {
			isa = PBXResourcesBuildPhase;
			buildActionMask = 2147483647;
			files = (
			);
			runOnlyForDeploymentPostprocessing = 0;
		};
		C2E32A2623E89500003F5ED4 /* Resources */ = {
			isa = PBXResourcesBuildPhase;
			buildActionMask = 2147483647;
			files = (
			);
			runOnlyForDeploymentPostprocessing = 0;
		};
/* End PBXResourcesBuildPhase section */

/* Begin PBXSourcesBuildPhase section */
		C2E32A0323E894FF003F5ED4 /* Sources */ = {
			isa = PBXSourcesBuildPhase;
			buildActionMask = 2147483647;
			files = (
				C2E32A0F23E894FF003F5ED4 /* ViewController.swift in Sources */,
				C2E32A0B23E894FF003F5ED4 /* AppDelegate.swift in Sources */,
				C2E32A0D23E894FF003F5ED4 /* SceneDelegate.swift in Sources */,
			);
			runOnlyForDeploymentPostprocessing = 0;
		};
		C2E32A1923E89500003F5ED4 /* Sources */ = {
			isa = PBXSourcesBuildPhase;
			buildActionMask = 2147483647;
			files = (
				C2E32A2223E89500003F5ED4 /* audioplayerTests.swift in Sources */,
			);
			runOnlyForDeploymentPostprocessing = 0;
		};
		C2E32A2423E89500003F5ED4 /* Sources */ = {
			isa = PBXSourcesBuildPhase;
			buildActionMask = 2147483647;
			files = (
				C2E32A2D23E89500003F5ED4 /* audioplayerUITests.swift in Sources */,
			);
			runOnlyForDeploymentPostprocessing = 0;
		};
/* End PBXSourcesBuildPhase section */

/* Begin PBXTargetDependency section */
		C2E32A1F23E89500003F5ED4 /* PBXTargetDependency */ = {
			isa = PBXTargetDependency;
			target = C2E32A0623E894FF003F5ED4 /* audioplayer */;
			targetProxy = C2E32A1E23E89500003F5ED4 /* PBXContainerItemProxy */;
		};
		C2E32A2A23E89500003F5ED4 /* PBXTargetDependency */ = {
			isa = PBXTargetDependency;
			target = C2E32A0623E894FF003F5ED4 /* audioplayer */;
			targetProxy = C2E32A2923E89500003F5ED4 /* PBXContainerItemProxy */;
		};
/* End PBXTargetDependency section */

/* Begin PBXVariantGroup section */
		C2E32A1023E894FF003F5ED4 /* Main.storyboard */ = {
			isa = PBXVariantGroup;
			children = (
				C2E32A1123E894FF003F5ED4 /* Base */,
			);
			name = Main.storyboard;
			sourceTree = "<group>";
		};
		C2E32A1523E89500003F5ED4 /* LaunchScreen.storyboard */ = {
			isa = PBXVariantGroup;
			children = (
				C2E32A1623E89500003F5ED4 /* Base */,
			);
			name = LaunchScreen.storyboard;
			sourceTree = "<group>";
		};
/* End PBXVariantGroup section */

/* Begin XCBuildConfiguration section */
		C2E32A2F23E89500003F5ED4 /* Debug */ = {
			isa = XCBuildConfiguration;
			buildSettings = {
				ALWAYS_SEARCH_USER_PATHS = NO;
				CLANG_ANALYZER_NONNULL = YES;
				CLANG_ANALYZER_NUMBER_OBJECT_CONVERSION = YES_AGGRESSIVE;
				CLANG_CXX_LANGUAGE_STANDARD = "gnu++14";
				CLANG_CXX_LIBRARY = "libc++";
				CLANG_ENABLE_MODULES = YES;
				CLANG_ENABLE_OBJC_ARC = YES;
				CLANG_ENABLE_OBJC_WEAK = YES;
				CLANG_WARN_BLOCK_CAPTURE_AUTORELEASING = YES;
				CLANG_WARN_BOOL_CONVERSION = YES;
				CLANG_WARN_COMMA = YES;
				CLANG_WARN_CONSTANT_CONVERSION = YES;
				CLANG_WARN_DEPRECATED_OBJC_IMPLEMENTATIONS = YES;
				CLANG_WARN_DIRECT_OBJC_ISA_USAGE = YES_ERROR;
				CLANG_WARN_DOCUMENTATION_COMMENTS = YES;
				CLANG_WARN_EMPTY_BODY = YES;
				CLANG_WARN_ENUM_CONVERSION = YES;
				CLANG_WARN_INFINITE_RECURSION = YES;
				CLANG_WARN_INT_CONVERSION = YES;
				CLANG_WARN_NON_LITERAL_NULL_CONVERSION = YES;
				CLANG_WARN_OBJC_IMPLICIT_RETAIN_SELF = YES;
				CLANG_WARN_OBJC_LITERAL_CONVERSION = YES;
				CLANG_WARN_OBJC_ROOT_CLASS = YES_ERROR;
				CLANG_WARN_RANGE_LOOP_ANALYSIS = YES;
				CLANG_WARN_STRICT_PROTOTYPES = YES;
				CLANG_WARN_SUSPICIOUS_MOVE = YES;
				CLANG_WARN_UNGUARDED_AVAILABILITY = YES_AGGRESSIVE;
				CLANG_WARN_UNREACHABLE_CODE = YES;
				CLANG_WARN__DUPLICATE_METHOD_MATCH = YES;
				COPY_PHASE_STRIP = NO;
				DEBUG_INFORMATION_FORMAT = dwarf;
				ENABLE_STRICT_OBJC_MSGSEND = YES;
				ENABLE_TESTABILITY = YES;
				GCC_C_LANGUAGE_STANDARD = gnu11;
				GCC_DYNAMIC_NO_PIC = NO;
				GCC_NO_COMMON_BLOCKS = YES;
				GCC_OPTIMIZATION_LEVEL = 0;
				GCC_PREPROCESSOR_DEFINITIONS = (
					"DEBUG=1",
					"$(inherited)",
				);
				GCC_WARN_64_TO_32_BIT_CONVERSION = YES;
				GCC_WARN_ABOUT_RETURN_TYPE = YES_ERROR;
				GCC_WARN_UNDECLARED_SELECTOR = YES;
				GCC_WARN_UNINITIALIZED_AUTOS = YES_AGGRESSIVE;
				GCC_WARN_UNUSED_FUNCTION = YES;
				GCC_WARN_UNUSED_VARIABLE = YES;
				IPHONEOS_DEPLOYMENT_TARGET = 13.0;
				MTL_ENABLE_DEBUG_INFO = INCLUDE_SOURCE;
				MTL_FAST_MATH = YES;
				ONLY_ACTIVE_ARCH = YES;
				SDKROOT = iphoneos;
				SWIFT_ACTIVE_COMPILATION_CONDITIONS = DEBUG;
				SWIFT_OPTIMIZATION_LEVEL = "-Onone";
			};
			name = Debug;
		};
		C2E32A3023E89500003F5ED4 /* Release */ = {
			isa = XCBuildConfiguration;
			buildSettings = {
				ALWAYS_SEARCH_USER_PATHS = NO;
				CLANG_ANALYZER_NONNULL = YES;
				CLANG_ANALYZER_NUMBER_OBJECT_CONVERSION = YES_AGGRESSIVE;
				CLANG_CXX_LANGUAGE_STANDARD = "gnu++14";
				CLANG_CXX_LIBRARY = "libc++";
				CLANG_ENABLE_MODULES = YES;
				CLANG_ENABLE_OBJC_ARC = YES;
				CLANG_ENABLE_OBJC_WEAK = YES;
				CLANG_WARN_BLOCK_CAPTURE_AUTORELEASING = YES;
				CLANG_WARN_BOOL_CONVERSION = YES;
				CLANG_WARN_COMMA = YES;
				CLANG_WARN_CONSTANT_CONVERSION = YES;
				CLANG_WARN_DEPRECATED_OBJC_IMPLEMENTATIONS = YES;
				CLANG_WARN_DIRECT_OBJC_ISA_USAGE = YES_ERROR;
				CLANG_WARN_DOCUMENTATION_COMMENTS = YES;
				CLANG_WARN_EMPTY_BODY = YES;
				CLANG_WARN_ENUM_CONVERSION = YES;
				CLANG_WARN_INFINITE_RECURSION = YES;
				CLANG_WARN_INT_CONVERSION = YES;
				CLANG_WARN_NON_LITERAL_NULL_CONVERSION = YES;
				CLANG_WARN_OBJC_IMPLICIT_RETAIN_SELF = YES;
				CLANG_WARN_OBJC_LITERAL_CONVERSION = YES;
				CLANG_WARN_OBJC_ROOT_CLASS = YES_ERROR;
				CLANG_WARN_RANGE_LOOP_ANALYSIS = YES;
				CLANG_WARN_STRICT_PROTOTYPES = YES;
				CLANG_WARN_SUSPICIOUS_MOVE = YES;
				CLANG_WARN_UNGUARDED_AVAILABILITY = YES_AGGRESSIVE;
				CLANG_WARN_UNREACHABLE_CODE = YES;
				CLANG_WARN__DUPLICATE_METHOD_MATCH = YES;
				COPY_PHASE_STRIP = NO;
				DEBUG_INFORMATION_FORMAT = "dwarf-with-dsym";
				ENABLE_NS_ASSERTIONS = NO;
				ENABLE_STRICT_OBJC_MSGSEND = YES;
				GCC_C_LANGUAGE_STANDARD = gnu11;
				GCC_NO_COMMON_BLOCKS = YES;
				GCC_WARN_64_TO_32_BIT_CONVERSION = YES;
				GCC_WARN_ABOUT_RETURN_TYPE = YES_ERROR;
				GCC_WARN_UNDECLARED_SELECTOR = YES;
				GCC_WARN_UNINITIALIZED_AUTOS = YES_AGGRESSIVE;
				GCC_WARN_UNUSED_FUNCTION = YES;
				GCC_WARN_UNUSED_VARIABLE = YES;
				IPHONEOS_DEPLOYMENT_TARGET = 13.0;
				MTL_ENABLE_DEBUG_INFO = NO;
				MTL_FAST_MATH = YES;
				SDKROOT = iphoneos;
				SWIFT_COMPILATION_MODE = wholemodule;
				SWIFT_OPTIMIZATION_LEVEL = "-O";
				VALIDATE_PRODUCT = YES;
			};
			name = Release;
		};
		C2E32A3223E89500003F5ED4 /* Debug */ = {
			isa = XCBuildConfiguration;
			buildSettings = {
				ASSETCATALOG_COMPILER_APPICON_NAME = AppIcon;
				CODE_SIGN_STYLE = Automatic;
				INFOPLIST_FILE = audioplayer/Info.plist;
				LD_RUNPATH_SEARCH_PATHS = (
					"$(inherited)",
					"@executable_path/Frameworks",
				);
				PRODUCT_BUNDLE_IDENTIFIER = appledev.class.audioplayer;
				PRODUCT_NAME = "$(TARGET_NAME)";
				SWIFT_VERSION = 5.0;
				TARGETED_DEVICE_FAMILY = "1,2";
			};
			name = Debug;
		};
		C2E32A3323E89500003F5ED4 /* Release */ = {
			isa = XCBuildConfiguration;
			buildSettings = {
				ASSETCATALOG_COMPILER_APPICON_NAME = AppIcon;
				CODE_SIGN_STYLE = Automatic;
				INFOPLIST_FILE = audioplayer/Info.plist;
				LD_RUNPATH_SEARCH_PATHS = (
					"$(inherited)",
					"@executable_path/Frameworks",
				);
				PRODUCT_BUNDLE_IDENTIFIER = appledev.class.audioplayer;
				PRODUCT_NAME = "$(TARGET_NAME)";
				SWIFT_VERSION = 5.0;
				TARGETED_DEVICE_FAMILY = "1,2";
			};
			name = Release;
		};
		C2E32A3523E89500003F5ED4 /* Debug */ = {
			isa = XCBuildConfiguration;
			buildSettings = {
				ALWAYS_EMBED_SWIFT_STANDARD_LIBRARIES = YES;
				BUNDLE_LOADER = "$(TEST_HOST)";
				CODE_SIGN_STYLE = Automatic;
				INFOPLIST_FILE = audioplayerTests/Info.plist;
				IPHONEOS_DEPLOYMENT_TARGET = 13.0;
				LD_RUNPATH_SEARCH_PATHS = (
					"$(inherited)",
					"@executable_path/Frameworks",
					"@loader_path/Frameworks",
				);
				PRODUCT_BUNDLE_IDENTIFIER = appledev.class.audioplayerTests;
				PRODUCT_NAME = "$(TARGET_NAME)";
				SWIFT_VERSION = 5.0;
				TARGETED_DEVICE_FAMILY = "1,2";
				TEST_HOST = "$(BUILT_PRODUCTS_DIR)/audioplayer.app/audioplayer";
			};
			name = Debug;
		};
		C2E32A3623E89500003F5ED4 /* Release */ = {
			isa = XCBuildConfiguration;
			buildSettings = {
				ALWAYS_EMBED_SWIFT_STANDARD_LIBRARIES = YES;
				BUNDLE_LOADER = "$(TEST_HOST)";
				CODE_SIGN_STYLE = Automatic;
				INFOPLIST_FILE = audioplayerTests/Info.plist;
				IPHONEOS_DEPLOYMENT_TARGET = 13.0;
				LD_RUNPATH_SEARCH_PATHS = (
					"$(inherited)",
					"@executable_path/Frameworks",
					"@loader_path/Frameworks",
				);
				PRODUCT_BUNDLE_IDENTIFIER = appledev.class.audioplayerTests;
				PRODUCT_NAME = "$(TARGET_NAME)";
				SWIFT_VERSION = 5.0;
				TARGETED_DEVICE_FAMILY = "1,2";
				TEST_HOST = "$(BUILT_PRODUCTS_DIR)/audioplayer.app/audioplayer";
			};
			name = Release;
		};
		C2E32A3823E89500003F5ED4 /* Debug */ = {
			isa = XCBuildConfiguration;
			buildSettings = {
				ALWAYS_EMBED_SWIFT_STANDARD_LIBRARIES = YES;
				CODE_SIGN_STYLE = Automatic;
				INFOPLIST_FILE = audioplayerUITests/Info.plist;
				LD_RUNPATH_SEARCH_PATHS = (
					"$(inherited)",
					"@executable_path/Frameworks",
					"@loader_path/Frameworks",
				);
				PRODUCT_BUNDLE_IDENTIFIER = appledev.class.audioplayerUITests;
				PRODUCT_NAME = "$(TARGET_NAME)";
				SWIFT_VERSION = 5.0;
				TARGETED_DEVICE_FAMILY = "1,2";
				TEST_TARGET_NAME = audioplayer;
			};
			name = Debug;
		};
		C2E32A3923E89500003F5ED4 /* Release */ = {
			isa = XCBuildConfiguration;
			buildSettings = {
				ALWAYS_EMBED_SWIFT_STANDARD_LIBRARIES = YES;
				CODE_SIGN_STYLE = Automatic;
				INFOPLIST_FILE = audioplayerUITests/Info.plist;
				LD_RUNPATH_SEARCH_PATHS = (
					"$(inherited)",
					"@executable_path/Frameworks",
					"@loader_path/Frameworks",
				);
				PRODUCT_BUNDLE_IDENTIFIER = appledev.class.audioplayerUITests;
				PRODUCT_NAME = "$(TARGET_NAME)";
				SWIFT_VERSION = 5.0;
				TARGETED_DEVICE_FAMILY = "1,2";
				TEST_TARGET_NAME = audioplayer;
			};
			name = Release;
		};
/* End XCBuildConfiguration section */

/* Begin XCConfigurationList section */
		C2E32A0223E894FF003F5ED4 /* Build configuration list for PBXProject "audioplayer" */ = {
			isa = XCConfigurationList;
			buildConfigurations = (
				C2E32A2F23E89500003F5ED4 /* Debug */,
				C2E32A3023E89500003F5ED4 /* Release */,
			);
			defaultConfigurationIsVisible = 0;
			defaultConfigurationName = Release;
		};
		C2E32A3123E89500003F5ED4 /* Build configuration list for PBXNativeTarget "audioplayer" */ = {
			isa = XCConfigurationList;
			buildConfigurations = (
				C2E32A3223E89500003F5ED4 /* Debug */,
				C2E32A3323E89500003F5ED4 /* Release */,
			);
			defaultConfigurationIsVisible = 0;
			defaultConfigurationName = Release;
		};
		C2E32A3423E89500003F5ED4 /* Build configuration list for PBXNativeTarget "audioplayerTests" */ = {
			isa = XCConfigurationList;
			buildConfigurations = (
				C2E32A3523E89500003F5ED4 /* Debug */,
				C2E32A3623E89500003F5ED4 /* Release */,
			);
			defaultConfigurationIsVisible = 0;
			defaultConfigurationName = Release;
		};
		C2E32A3723E89500003F5ED4 /* Build configuration list for PBXNativeTarget "audioplayerUITests" */ = {
			isa = XCConfigurationList;
			buildConfigurations = (
				C2E32A3823E89500003F5ED4 /* Debug */,
				C2E32A3923E89500003F5ED4 /* Release */,
			);
			defaultConfigurationIsVisible = 0;
			defaultConfigurationName = Release;
		};
/* End XCConfigurationList section */
	};
	rootObject = C2E329FF23E894FF003F5ED4 /* Project object */;
}
